// !$*UTF8*$!
{
	archiveVersion = 1;
	classes = {
	};
	objectVersion = 56;
	objects = {

/* Begin PBXBuildFile section */
		C858250935DDA0EB1C6A2FCD /* Pods_TransactionModule.framework in Frameworks */ = {isa = PBXBuildFile; fileRef = 87DF31691FAFEE81383412E1 /* Pods_TransactionModule.framework */; };
		EB73EF892B99AF2F00F12737 /* TransactionModule.docc in Sources */ = {isa = PBXBuildFile; fileRef = EB73EF882B99AF2F00F12737 /* TransactionModule.docc */; };
		EB73EF8A2B99AF2F00F12737 /* TransactionModule.h in Headers */ = {isa = PBXBuildFile; fileRef = EB73EF872B99AF2F00F12737 /* TransactionModule.h */; settings = {ATTRIBUTES = (Public, ); }; };
		EB73EF952B99AF7700F12737 /* TransactionProvider.swift in Sources */ = {isa = PBXBuildFile; fileRef = EB73EF902B99AF7700F12737 /* TransactionProvider.swift */; };
		EB73EF962B99AF7700F12737 /* TransactionModel.swift in Sources */ = {isa = PBXBuildFile; fileRef = EB73EF912B99AF7700F12737 /* TransactionModel.swift */; };
		EB73EF972B99AF7700F12737 /* TransactionInteractor.swift in Sources */ = {isa = PBXBuildFile; fileRef = EB73EF922B99AF7700F12737 /* TransactionInteractor.swift */; };
		EB73EF982B99AF7700F12737 /* TransactionDataModel.xcdatamodeld in Sources */ = {isa = PBXBuildFile; fileRef = EB73EF932B99AF7700F12737 /* TransactionDataModel.xcdatamodeld */; };
/* End PBXBuildFile section */

/* Begin PBXFileReference section */
		2DF7216526798D32BE672F02 /* Pods-TransactionModule.debug.xcconfig */ = {isa = PBXFileReference; includeInIndex = 1; lastKnownFileType = text.xcconfig; name = "Pods-TransactionModule.debug.xcconfig"; path = "Target Support Files/Pods-TransactionModule/Pods-TransactionModule.debug.xcconfig"; sourceTree = "<group>"; };
		87DF31691FAFEE81383412E1 /* Pods_TransactionModule.framework */ = {isa = PBXFileReference; explicitFileType = wrapper.framework; includeInIndex = 0; path = Pods_TransactionModule.framework; sourceTree = BUILT_PRODUCTS_DIR; };
		9D9201528C613ABFF13E93DA /* Pods-TransactionModule.release.xcconfig */ = {isa = PBXFileReference; includeInIndex = 1; lastKnownFileType = text.xcconfig; name = "Pods-TransactionModule.release.xcconfig"; path = "Target Support Files/Pods-TransactionModule/Pods-TransactionModule.release.xcconfig"; sourceTree = "<group>"; };
		EB73EF842B99AF2F00F12737 /* TransactionModule.framework */ = {isa = PBXFileReference; explicitFileType = wrapper.framework; includeInIndex = 0; path = TransactionModule.framework; sourceTree = BUILT_PRODUCTS_DIR; };
		EB73EF872B99AF2F00F12737 /* TransactionModule.h */ = {isa = PBXFileReference; lastKnownFileType = sourcecode.c.h; path = TransactionModule.h; sourceTree = "<group>"; };
		EB73EF882B99AF2F00F12737 /* TransactionModule.docc */ = {isa = PBXFileReference; lastKnownFileType = folder.documentationcatalog; path = TransactionModule.docc; sourceTree = "<group>"; };
		EB73EF902B99AF7700F12737 /* TransactionProvider.swift */ = {isa = PBXFileReference; fileEncoding = 4; lastKnownFileType = sourcecode.swift; path = TransactionProvider.swift; sourceTree = "<group>"; };
		EB73EF912B99AF7700F12737 /* TransactionModel.swift */ = {isa = PBXFileReference; fileEncoding = 4; lastKnownFileType = sourcecode.swift; path = TransactionModel.swift; sourceTree = "<group>"; };
		EB73EF922B99AF7700F12737 /* TransactionInteractor.swift */ = {isa = PBXFileReference; fileEncoding = 4; lastKnownFileType = sourcecode.swift; path = TransactionInteractor.swift; sourceTree = "<group>"; };
		EB73EF942B99AF7700F12737 /* TransactionDataModel.xcdatamodel */ = {isa = PBXFileReference; lastKnownFileType = wrapper.xcdatamodel; path = TransactionDataModel.xcdatamodel; sourceTree = "<group>"; };
/* End PBXFileReference section */

/* Begin PBXFrameworksBuildPhase section */
		EB73EF812B99AF2F00F12737 /* Frameworks */ = {
			isa = PBXFrameworksBuildPhase;
			buildActionMask = 2147483647;
			files = (
				C858250935DDA0EB1C6A2FCD /* Pods_TransactionModule.framework in Frameworks */,
			);
			runOnlyForDeploymentPostprocessing = 0;
		};
/* End PBXFrameworksBuildPhase section */

/* Begin PBXGroup section */
		3709C89F8EDFB038B69ACB3B /* Pods */ = {
			isa = PBXGroup;
			children = (
				2DF7216526798D32BE672F02 /* Pods-TransactionModule.debug.xcconfig */,
				9D9201528C613ABFF13E93DA /* Pods-TransactionModule.release.xcconfig */,
			);
			name = Pods;
			path = ../../Pods;
			sourceTree = "<group>";
		};
		EA36D3E807687BDFDBE94412 /* Frameworks */ = {
			isa = PBXGroup;
			children = (
				87DF31691FAFEE81383412E1 /* Pods_TransactionModule.framework */,
			);
			name = Frameworks;
			sourceTree = "<group>";
		};
		EB73EF7A2B99AF2F00F12737 = {
			isa = PBXGroup;
			children = (
				EB73EF862B99AF2F00F12737 /* TransactionModule */,
				EB73EF852B99AF2F00F12737 /* Products */,
				3709C89F8EDFB038B69ACB3B /* Pods */,
				EA36D3E807687BDFDBE94412 /* Frameworks */,
			);
			sourceTree = "<group>";
		};
		EB73EF852B99AF2F00F12737 /* Products */ = {
			isa = PBXGroup;
			children = (
				EB73EF842B99AF2F00F12737 /* TransactionModule.framework */,
			);
			name = Products;
			sourceTree = "<group>";
		};
		EB73EF862B99AF2F00F12737 /* TransactionModule */ = {
			isa = PBXGroup;
			children = (
				EB73EF932B99AF7700F12737 /* TransactionDataModel.xcdatamodeld */,
				EB73EF922B99AF7700F12737 /* TransactionInteractor.swift */,
				EB73EF912B99AF7700F12737 /* TransactionModel.swift */,
				EB73EF902B99AF7700F12737 /* TransactionProvider.swift */,
				EB73EF872B99AF2F00F12737 /* TransactionModule.h */,
				EB73EF882B99AF2F00F12737 /* TransactionModule.docc */,
			);
			path = TransactionModule;
			sourceTree = "<group>";
		};
/* End PBXGroup section */

/* Begin PBXHeadersBuildPhase section */
		EB73EF7F2B99AF2F00F12737 /* Headers */ = {
			isa = PBXHeadersBuildPhase;
			buildActionMask = 2147483647;
			files = (
				EB73EF8A2B99AF2F00F12737 /* TransactionModule.h in Headers */,
			);
			runOnlyForDeploymentPostprocessing = 0;
		};
/* End PBXHeadersBuildPhase section */

/* Begin PBXNativeTarget section */
		EB73EF832B99AF2F00F12737 /* TransactionModule */ = {
			isa = PBXNativeTarget;
			buildConfigurationList = EB73EF8D2B99AF2F00F12737 /* Build configuration list for PBXNativeTarget "TransactionModule" */;
			buildPhases = (
				58750064FEB546222FBB101E /* [CP] Check Pods Manifest.lock */,
				EB73EF7F2B99AF2F00F12737 /* Headers */,
				EB73EF802B99AF2F00F12737 /* Sources */,
				EB73EF812B99AF2F00F12737 /* Frameworks */,
				EB73EF822B99AF2F00F12737 /* Resources */,
			);
			buildRules = (
			);
			dependencies = (
			);
			name = TransactionModule;
			productName = TransactionModule;
			productReference = EB73EF842B99AF2F00F12737 /* TransactionModule.framework */;
			productType = "com.apple.product-type.framework";
		};
/* End PBXNativeTarget section */

/* Begin PBXProject section */
		EB73EF7B2B99AF2F00F12737 /* Project object */ = {
			isa = PBXProject;
			attributes = {
				BuildIndependentTargetsInParallel = 1;
				LastUpgradeCheck = 1530;
				TargetAttributes = {
					EB73EF832B99AF2F00F12737 = {
						CreatedOnToolsVersion = 15.3;
					};
				};
			};
			buildConfigurationList = EB73EF7E2B99AF2F00F12737 /* Build configuration list for PBXProject "TransactionModule" */;
			compatibilityVersion = "Xcode 14.0";
			developmentRegion = en;
			hasScannedForEncodings = 0;
			knownRegions = (
				en,
				Base,
			);
			mainGroup = EB73EF7A2B99AF2F00F12737;
			productRefGroup = EB73EF852B99AF2F00F12737 /* Products */;
			projectDirPath = "";
			projectRoot = "";
			targets = (
				EB73EF832B99AF2F00F12737 /* TransactionModule */,
			);
		};
/* End PBXProject section */

/* Begin PBXResourcesBuildPhase section */
		EB73EF822B99AF2F00F12737 /* Resources */ = {
			isa = PBXResourcesBuildPhase;
			buildActionMask = 2147483647;
			files = (
			);
			runOnlyForDeploymentPostprocessing = 0;
		};
/* End PBXResourcesBuildPhase section */

/* Begin PBXShellScriptBuildPhase section */
		58750064FEB546222FBB101E /* [CP] Check Pods Manifest.lock */ = {
			isa = PBXShellScriptBuildPhase;
			buildActionMask = 2147483647;
			files = (
			);
			inputFileListPaths = (
			);
			inputPaths = (
				"${PODS_PODFILE_DIR_PATH}/Podfile.lock",
				"${PODS_ROOT}/Manifest.lock",
			);
			name = "[CP] Check Pods Manifest.lock";
			outputFileListPaths = (
			);
			outputPaths = (
				"$(DERIVED_FILE_DIR)/Pods-TransactionModule-checkManifestLockResult.txt",
			);
			runOnlyForDeploymentPostprocessing = 0;
			shellPath = /bin/sh;
			shellScript = "diff \"${PODS_PODFILE_DIR_PATH}/Podfile.lock\" \"${PODS_ROOT}/Manifest.lock\" > /dev/null\nif [ $? != 0 ] ; then\n    # print error to STDERR\n    echo \"error: The sandbox is not in sync with the Podfile.lock. Run 'pod install' or update your CocoaPods installation.\" >&2\n    exit 1\nfi\n# This output is used by Xcode 'outputs' to avoid re-running this script phase.\necho \"SUCCESS\" > \"${SCRIPT_OUTPUT_FILE_0}\"\n";
			showEnvVarsInLog = 0;
		};
/* End PBXShellScriptBuildPhase section */

/* Begin PBXSourcesBuildPhase section */
		EB73EF802B99AF2F00F12737 /* Sources */ = {
			isa = PBXSourcesBuildPhase;
			buildActionMask = 2147483647;
			files = (
				EB73EF982B99AF7700F12737 /* TransactionDataModel.xcdatamodeld in Sources */,
				EB73EF962B99AF7700F12737 /* TransactionModel.swift in Sources */,
				EB73EF892B99AF2F00F12737 /* TransactionModule.docc in Sources */,
				EB73EF952B99AF7700F12737 /* TransactionProvider.swift in Sources */,
				EB73EF972B99AF7700F12737 /* TransactionInteractor.swift in Sources */,
			);
			runOnlyForDeploymentPostprocessing = 0;
		};
/* End PBXSourcesBuildPhase section */

/* Begin XCBuildConfiguration section */
		EB73EF8B2B99AF2F00F12737 /* Debug */ = {
			isa = XCBuildConfiguration;
			buildSettings = {
				ALWAYS_SEARCH_USER_PATHS = NO;
				ASSETCATALOG_COMPILER_GENERATE_SWIFT_ASSET_SYMBOL_EXTENSIONS = YES;
				CLANG_ANALYZER_NONNULL = YES;
				CLANG_ANALYZER_NUMBER_OBJECT_CONVERSION = YES_AGGRESSIVE;
				CLANG_CXX_LANGUAGE_STANDARD = "gnu++20";
				CLANG_ENABLE_MODULES = YES;
				CLANG_ENABLE_OBJC_ARC = YES;
				CLANG_ENABLE_OBJC_WEAK = YES;
				CLANG_WARN_BLOCK_CAPTURE_AUTORELEASING = YES;
				CLANG_WARN_BOOL_CONVERSION = YES;
				CLANG_WARN_COMMA = YES;
				CLANG_WARN_CONSTANT_CONVERSION = YES;
				CLANG_WARN_DEPRECATED_OBJC_IMPLEMENTATIONS = YES;
				CLANG_WARN_DIRECT_OBJC_ISA_USAGE = YES_ERROR;
				CLANG_WARN_DOCUMENTATION_COMMENTS = YES;
				CLANG_WARN_EMPTY_BODY = YES;
				CLANG_WARN_ENUM_CONVERSION = YES;
				CLANG_WARN_INFINITE_RECURSION = YES;
				CLANG_WARN_INT_CONVERSION = YES;
				CLANG_WARN_NON_LITERAL_NULL_CONVERSION = YES;
				CLANG_WARN_OBJC_IMPLICIT_RETAIN_SELF = YES;
				CLANG_WARN_OBJC_LITERAL_CONVERSION = YES;
				CLANG_WARN_OBJC_ROOT_CLASS = YES_ERROR;
				CLANG_WARN_QUOTED_INCLUDE_IN_FRAMEWORK_HEADER = YES;
				CLANG_WARN_RANGE_LOOP_ANALYSIS = YES;
				CLANG_WARN_STRICT_PROTOTYPES = YES;
				CLANG_WARN_SUSPICIOUS_MOVE = YES;
				CLANG_WARN_UNGUARDED_AVAILABILITY = YES_AGGRESSIVE;
				CLANG_WARN_UNREACHABLE_CODE = YES;
				CLANG_WARN__DUPLICATE_METHOD_MATCH = YES;
				COPY_PHASE_STRIP = NO;
				CURRENT_PROJECT_VERSION = 1;
				DEBUG_INFORMATION_FORMAT = dwarf;
				ENABLE_STRICT_OBJC_MSGSEND = YES;
				ENABLE_TESTABILITY = YES;
				ENABLE_USER_SCRIPT_SANDBOXING = YES;
				GCC_C_LANGUAGE_STANDARD = gnu17;
				GCC_DYNAMIC_NO_PIC = NO;
				GCC_NO_COMMON_BLOCKS = YES;
				GCC_OPTIMIZATION_LEVEL = 0;
				GCC_PREPROCESSOR_DEFINITIONS = (
					"DEBUG=1",
					"$(inherited)",
				);
				GCC_WARN_64_TO_32_BIT_CONVERSION = YES;
				GCC_WARN_ABOUT_RETURN_TYPE = YES_ERROR;
				GCC_WARN_UNDECLARED_SELECTOR = YES;
				GCC_WARN_UNINITIALIZED_AUTOS = YES_AGGRESSIVE;
				GCC_WARN_UNUSED_FUNCTION = YES;
				GCC_WARN_UNUSED_VARIABLE = YES;
				IPHONEOS_DEPLOYMENT_TARGET = 17.4;
				LOCALIZATION_PREFERS_STRING_CATALOGS = YES;
				MTL_ENABLE_DEBUG_INFO = INCLUDE_SOURCE;
				MTL_FAST_MATH = YES;
				ONLY_ACTIVE_ARCH = YES;
				SDKROOT = iphoneos;
				SWIFT_ACTIVE_COMPILATION_CONDITIONS = "DEBUG $(inherited)";
				SWIFT_OPTIMIZATION_LEVEL = "-Onone";
				VERSIONING_SYSTEM = "apple-generic";
				VERSION_INFO_PREFIX = "";
			};
			name = Debug;
		};
		EB73EF8C2B99AF2F00F12737 /* Release */ = {
			isa = XCBuildConfiguration;
			buildSettings = {
				ALWAYS_SEARCH_USER_PATHS = NO;
				ASSETCATALOG_COMPILER_GENERATE_SWIFT_ASSET_SYMBOL_EXTENSIONS = YES;
				CLANG_ANALYZER_NONNULL = YES;
				CLANG_ANALYZER_NUMBER_OBJECT_CONVERSION = YES_AGGRESSIVE;
				CLANG_CXX_LANGUAGE_STANDARD = "gnu++20";
				CLANG_ENABLE_MODULES = YES;
				CLANG_ENABLE_OBJC_ARC = YES;
				CLANG_ENABLE_OBJC_WEAK = YES;
				CLANG_WARN_BLOCK_CAPTURE_AUTORELEASING = YES;
				CLANG_WARN_BOOL_CONVERSION = YES;
				CLANG_WARN_COMMA = YES;
				CLANG_WARN_CONSTANT_CONVERSION = YES;
				CLANG_WARN_DEPRECATED_OBJC_IMPLEMENTATIONS = YES;
				CLANG_WARN_DIRECT_OBJC_ISA_USAGE = YES_ERROR;
				CLANG_WARN_DOCUMENTATION_COMMENTS = YES;
				CLANG_WARN_EMPTY_BODY = YES;
				CLANG_WARN_ENUM_CONVERSION = YES;
				CLANG_WARN_INFINITE_RECURSION = YES;
				CLANG_WARN_INT_CONVERSION = YES;
				CLANG_WARN_NON_LITERAL_NULL_CONVERSION = YES;
				CLANG_WARN_OBJC_IMPLICIT_RETAIN_SELF = YES;
				CLANG_WARN_OBJC_LITERAL_CONVERSION = YES;
				CLANG_WARN_OBJC_ROOT_CLASS = YES_ERROR;
				CLANG_WARN_QUOTED_INCLUDE_IN_FRAMEWORK_HEADER = YES;
				CLANG_WARN_RANGE_LOOP_ANALYSIS = YES;
				CLANG_WARN_STRICT_PROTOTYPES = YES;
				CLANG_WARN_SUSPICIOUS_MOVE = YES;
				CLANG_WARN_UNGUARDED_AVAILABILITY = YES_AGGRESSIVE;
				CLANG_WARN_UNREACHABLE_CODE = YES;
				CLANG_WARN__DUPLICATE_METHOD_MATCH = YES;
				COPY_PHASE_STRIP = NO;
				CURRENT_PROJECT_VERSION = 1;
				DEBUG_INFORMATION_FORMAT = "dwarf-with-dsym";
				ENABLE_NS_ASSERTIONS = NO;
				ENABLE_STRICT_OBJC_MSGSEND = YES;
				ENABLE_USER_SCRIPT_SANDBOXING = YES;
				GCC_C_LANGUAGE_STANDARD = gnu17;
				GCC_NO_COMMON_BLOCKS = YES;
				GCC_WARN_64_TO_32_BIT_CONVERSION = YES;
				GCC_WARN_ABOUT_RETURN_TYPE = YES_ERROR;
				GCC_WARN_UNDECLARED_SELECTOR = YES;
				GCC_WARN_UNINITIALIZED_AUTOS = YES_AGGRESSIVE;
				GCC_WARN_UNUSED_FUNCTION = YES;
				GCC_WARN_UNUSED_VARIABLE = YES;
				IPHONEOS_DEPLOYMENT_TARGET = 17.4;
				LOCALIZATION_PREFERS_STRING_CATALOGS = YES;
				MTL_ENABLE_DEBUG_INFO = NO;
				MTL_FAST_MATH = YES;
				SDKROOT = iphoneos;
				SWIFT_COMPILATION_MODE = wholemodule;
				VALIDATE_PRODUCT = YES;
				VERSIONING_SYSTEM = "apple-generic";
				VERSION_INFO_PREFIX = "";
			};
			name = Release;
		};
		EB73EF8E2B99AF2F00F12737 /* Debug */ = {
			isa = XCBuildConfiguration;
			baseConfigurationReference = 2DF7216526798D32BE672F02 /* Pods-TransactionModule.debug.xcconfig */;
			buildSettings = {
				BUILD_LIBRARY_FOR_DISTRIBUTION = YES;
				CODE_SIGN_STYLE = Automatic;
				CURRENT_PROJECT_VERSION = 1;
				DEFINES_MODULE = YES;
				DEVELOPMENT_TEAM = R2D4D7YLB2;
				DYLIB_COMPATIBILITY_VERSION = 1;
				DYLIB_CURRENT_VERSION = 1;
				DYLIB_INSTALL_NAME_BASE = "@rpath";
				ENABLE_MODULE_VERIFIER = YES;
				GENERATE_INFOPLIST_FILE = YES;
				INFOPLIST_KEY_NSHumanReadableCopyright = "";
				INSTALL_PATH = "$(LOCAL_LIBRARY_DIR)/Frameworks";
				LD_RUNPATH_SEARCH_PATHS = (
					"$(inherited)",
					"@executable_path/Frameworks",
					"@loader_path/Frameworks",
				);
				MARKETING_VERSION = 1.0;
				MODULE_VERIFIER_SUPPORTED_LANGUAGES = "objective-c objective-c++";
				MODULE_VERIFIER_SUPPORTED_LANGUAGE_STANDARDS = "gnu17 gnu++20";
				PRODUCT_BUNDLE_IDENTIFIER = com.dcd.TransactionModule;
				PRODUCT_NAME = "$(TARGET_NAME:c99extidentifier)";
				SKIP_INSTALL = YES;
				SWIFT_EMIT_LOC_STRINGS = YES;
				SWIFT_INSTALL_OBJC_HEADER = NO;
				SWIFT_VERSION = 5.0;
				TARGETED_DEVICE_FAMILY = "1,2";
			};
			name = Debug;
		};
		EB73EF8F2B99AF2F00F12737 /* Release */ = {
			isa = XCBuildConfiguration;
			baseConfigurationReference = 9D9201528C613ABFF13E93DA /* Pods-TransactionModule.release.xcconfig */;
			buildSettings = {
				BUILD_LIBRARY_FOR_DISTRIBUTION = YES;
				CODE_SIGN_STYLE = Automatic;
				CURRENT_PROJECT_VERSION = 1;
				DEFINES_MODULE = YES;
				DEVELOPMENT_TEAM = R2D4D7YLB2;
				DYLIB_COMPATIBILITY_VERSION = 1;
				DYLIB_CURRENT_VERSION = 1;
				DYLIB_INSTALL_NAME_BASE = "@rpath";
				ENABLE_MODULE_VERIFIER = YES;
				GENERATE_INFOPLIST_FILE = YES;
				INFOPLIST_KEY_NSHumanReadableCopyright = "";
				INSTALL_PATH = "$(LOCAL_LIBRARY_DIR)/Frameworks";
				LD_RUNPATH_SEARCH_PATHS = (
					"$(inherited)",
					"@executable_path/Frameworks",
					"@loader_path/Frameworks",
				);
				MARKETING_VERSION = 1.0;
				MODULE_VERIFIER_SUPPORTED_LANGUAGES = "objective-c objective-c++";
				MODULE_VERIFIER_SUPPORTED_LANGUAGE_STANDARDS = "gnu17 gnu++20";
				PRODUCT_BUNDLE_IDENTIFIER = com.dcd.TransactionModule;
				PRODUCT_NAME = "$(TARGET_NAME:c99extidentifier)";
				SKIP_INSTALL = YES;
				SWIFT_EMIT_LOC_STRINGS = YES;
				SWIFT_INSTALL_OBJC_HEADER = NO;
				SWIFT_VERSION = 5.0;
				TARGETED_DEVICE_FAMILY = "1,2";
			};
			name = Release;
		};
/* End XCBuildConfiguration section */

/* Begin XCConfigurationList section */
		EB73EF7E2B99AF2F00F12737 /* Build configuration list for PBXProject "TransactionModule" */ = {
			isa = XCConfigurationList;
			buildConfigurations = (
				EB73EF8B2B99AF2F00F12737 /* Debug */,
				EB73EF8C2B99AF2F00F12737 /* Release */,
			);
			defaultConfigurationIsVisible = 0;
			defaultConfigurationName = Release;
		};
		EB73EF8D2B99AF2F00F12737 /* Build configuration list for PBXNativeTarget "TransactionModule" */ = {
			isa = XCConfigurationList;
			buildConfigurations = (
				EB73EF8E2B99AF2F00F12737 /* Debug */,
				EB73EF8F2B99AF2F00F12737 /* Release */,
			);
			defaultConfigurationIsVisible = 0;
			defaultConfigurationName = Release;
		};
/* End XCConfigurationList section */

/* Begin XCVersionGroup section */
		EB73EF932B99AF7700F12737 /* TransactionDataModel.xcdatamodeld */ = {
			isa = XCVersionGroup;
			children = (
				EB73EF942B99AF7700F12737 /* TransactionDataModel.xcdatamodel */,
			);
			currentVersion = EB73EF942B99AF7700F12737 /* TransactionDataModel.xcdatamodel */;
			name = TransactionDataModel.xcdatamodeld;
			path = "/Users/odikk/Documents/development/ios/QRIS-App/Modules/TransactionModule/TransactionModule/TransactionDataModel.xcdatamodeld";
			sourceTree = "<group>";
			versionGroupType = wrapper.xcdatamodel;
		};
/* End XCVersionGroup section */
	};
	rootObject = EB73EF7B2B99AF2F00F12737 /* Project object */;
}
