// !$*UTF8*$!
{
	archiveVersion = 1;
	classes = {
	};
	objectVersion = 56;
	objects = {

/* Begin PBXBuildFile section */
		EBD7FBC52B616A6800C850BA /* AppDelegate.swift in Sources */ = {isa = PBXBuildFile; fileRef = EBD7FBC42B616A6800C850BA /* AppDelegate.swift */; };
		EBD7FBC72B616A6800C850BA /* SceneDelegate.swift in Sources */ = {isa = PBXBuildFile; fileRef = EBD7FBC62B616A6800C850BA /* SceneDelegate.swift */; };
		EBD7FBCE2B616A6A00C850BA /* Assets.xcassets in Resources */ = {isa = PBXBuildFile; fileRef = EBD7FBCD2B616A6A00C850BA /* Assets.xcassets */; };
		EBD7FBD12B616A6A00C850BA /* LaunchScreen.storyboard in Resources */ = {isa = PBXBuildFile; fileRef = EBD7FBCF2B616A6A00C850BA /* LaunchScreen.storyboard */; };
		EBD7FBDC2B616A6A00C850BA /* QRIS_AppTests.swift in Sources */ = {isa = PBXBuildFile; fileRef = EBD7FBDB2B616A6A00C850BA /* QRIS_AppTests.swift */; };
		EBD7FBE62B616A6A00C850BA /* QRIS_AppUITests.swift in Sources */ = {isa = PBXBuildFile; fileRef = EBD7FBE52B616A6A00C850BA /* QRIS_AppUITests.swift */; };
		EBD7FBE82B616A6A00C850BA /* QRIS_AppUITestsLaunchTests.swift in Sources */ = {isa = PBXBuildFile; fileRef = EBD7FBE72B616A6A00C850BA /* QRIS_AppUITestsLaunchTests.swift */; };
		EBD7FBF92B61722100C850BA /* HomeViewController.swift in Sources */ = {isa = PBXBuildFile; fileRef = EBD7FBF72B61722100C850BA /* HomeViewController.swift */; };
		EBD7FBFA2B61722100C850BA /* HomeViewController.xib in Resources */ = {isa = PBXBuildFile; fileRef = EBD7FBF82B61722100C850BA /* HomeViewController.xib */; };
		EBD7FBFD2B61762700C850BA /* HomePresenter.swift in Sources */ = {isa = PBXBuildFile; fileRef = EBD7FBFC2B61762600C850BA /* HomePresenter.swift */; };
		EBD7FBFF2B61769500C850BA /* HomeInteractor.swift in Sources */ = {isa = PBXBuildFile; fileRef = EBD7FBFE2B61769500C850BA /* HomeInteractor.swift */; };
		EBD7FC062B617BBF00C850BA /* BalanceDataModel.xcdatamodeld in Sources */ = {isa = PBXBuildFile; fileRef = EBD7FC042B617BBF00C850BA /* BalanceDataModel.xcdatamodeld */; };
		EBD7FC082B617C2E00C850BA /* BalanceProvider.swift in Sources */ = {isa = PBXBuildFile; fileRef = EBD7FC072B617C2E00C850BA /* BalanceProvider.swift */; };
		EBD7FC0A2B617EC200C850BA /* BalanceModel.swift in Sources */ = {isa = PBXBuildFile; fileRef = EBD7FC092B617EC200C850BA /* BalanceModel.swift */; };
		EBD7FC0C2B617FFE00C850BA /* BalanceInteractor.swift in Sources */ = {isa = PBXBuildFile; fileRef = EBD7FC0B2B617FFE00C850BA /* BalanceInteractor.swift */; };
		EBD7FC0E2B6183E100C850BA /* HomeRouter.swift in Sources */ = {isa = PBXBuildFile; fileRef = EBD7FC0D2B6183E100C850BA /* HomeRouter.swift */; };
		EBD7FC112B623A6000C850BA /* ScanQRViewController.swift in Sources */ = {isa = PBXBuildFile; fileRef = EBD7FC0F2B623A6000C850BA /* ScanQRViewController.swift */; };
		EBD7FC122B623A6000C850BA /* ScanQRViewController.xib in Resources */ = {isa = PBXBuildFile; fileRef = EBD7FC102B623A6000C850BA /* ScanQRViewController.xib */; };
		EBD7FC152B623DAB00C850BA /* ScanQRPresenter.swift in Sources */ = {isa = PBXBuildFile; fileRef = EBD7FC142B623DAB00C850BA /* ScanQRPresenter.swift */; };
		EBD7FC172B623DB400C850BA /* ScanQRRouter.swift in Sources */ = {isa = PBXBuildFile; fileRef = EBD7FC162B623DB400C850BA /* ScanQRRouter.swift */; };
		EBD7FC1A2B6245CA00C850BA /* PaymentViewController.swift in Sources */ = {isa = PBXBuildFile; fileRef = EBD7FC182B6245CA00C850BA /* PaymentViewController.swift */; };
		EBD7FC1B2B6245CA00C850BA /* PaymentViewController.xib in Resources */ = {isa = PBXBuildFile; fileRef = EBD7FC192B6245CA00C850BA /* PaymentViewController.xib */; };
		EBD7FC1D2B6248EA00C850BA /* PaymentModel.swift in Sources */ = {isa = PBXBuildFile; fileRef = EBD7FC1C2B6248EA00C850BA /* PaymentModel.swift */; };
		EBD7FC1F2B62498000C850BA /* PaymentPresenter.swift in Sources */ = {isa = PBXBuildFile; fileRef = EBD7FC1E2B62498000C850BA /* PaymentPresenter.swift */; };
		EBD7FC212B62498900C850BA /* PaymentInteractor.swift in Sources */ = {isa = PBXBuildFile; fileRef = EBD7FC202B62498900C850BA /* PaymentInteractor.swift */; };
		EBD7FC232B6249A000C850BA /* PaymentRouter.swift in Sources */ = {isa = PBXBuildFile; fileRef = EBD7FC222B6249A000C850BA /* PaymentRouter.swift */; };
		EBD7FC282B625CF600C850BA /* TransactionDataModel.xcdatamodeld in Sources */ = {isa = PBXBuildFile; fileRef = EBD7FC262B625CF600C850BA /* TransactionDataModel.xcdatamodeld */; };
		EBD7FC2A2B625D3600C850BA /* TransactionProvider.swift in Sources */ = {isa = PBXBuildFile; fileRef = EBD7FC292B625D3600C850BA /* TransactionProvider.swift */; };
		EBD7FC2C2B625D6100C850BA /* TransactionInteractor.swift in Sources */ = {isa = PBXBuildFile; fileRef = EBD7FC2B2B625D6100C850BA /* TransactionInteractor.swift */; };
		EBD7FC2E2B625E0A00C850BA /* TransactionModel.swift in Sources */ = {isa = PBXBuildFile; fileRef = EBD7FC2D2B625E0A00C850BA /* TransactionModel.swift */; };
		EBD7FC322B626BBB00C850BA /* PaymentHistoryViewController.swift in Sources */ = {isa = PBXBuildFile; fileRef = EBD7FC302B626BBB00C850BA /* PaymentHistoryViewController.swift */; };
		EBD7FC332B626BBB00C850BA /* PaymentHistoryViewController.xib in Resources */ = {isa = PBXBuildFile; fileRef = EBD7FC312B626BBB00C850BA /* PaymentHistoryViewController.xib */; };
		EBD7FC352B626BD000C850BA /* PaymentHistoryPresenter.swift in Sources */ = {isa = PBXBuildFile; fileRef = EBD7FC342B626BD000C850BA /* PaymentHistoryPresenter.swift */; };
		EBD7FC372B626BE800C850BA /* PaymentHistoryRouter.swift in Sources */ = {isa = PBXBuildFile; fileRef = EBD7FC362B626BE800C850BA /* PaymentHistoryRouter.swift */; };
		EBD7FC392B626C0000C850BA /* PaymentHistoryInteractor.swift in Sources */ = {isa = PBXBuildFile; fileRef = EBD7FC382B626C0000C850BA /* PaymentHistoryInteractor.swift */; };
		EBD7FC422B62783300C850BA /* PaymentHistoryTableViewCell.swift in Sources */ = {isa = PBXBuildFile; fileRef = EBD7FC402B62783300C850BA /* PaymentHistoryTableViewCell.swift */; };
		EBD7FC432B62783400C850BA /* PaymentHistoryTableViewCell.xib in Resources */ = {isa = PBXBuildFile; fileRef = EBD7FC412B62783300C850BA /* PaymentHistoryTableViewCell.xib */; };
/* End PBXBuildFile section */

/* Begin PBXContainerItemProxy section */
		EBD7FBD82B616A6A00C850BA /* PBXContainerItemProxy */ = {
			isa = PBXContainerItemProxy;
			containerPortal = EBD7FBB92B616A6800C850BA /* Project object */;
			proxyType = 1;
			remoteGlobalIDString = EBD7FBC02B616A6800C850BA;
			remoteInfo = "QRIS App";
		};
		EBD7FBE22B616A6A00C850BA /* PBXContainerItemProxy */ = {
			isa = PBXContainerItemProxy;
			containerPortal = EBD7FBB92B616A6800C850BA /* Project object */;
			proxyType = 1;
			remoteGlobalIDString = EBD7FBC02B616A6800C850BA;
			remoteInfo = "QRIS App";
		};
/* End PBXContainerItemProxy section */

/* Begin PBXFileReference section */
		EBD7FBC12B616A6800C850BA /* QRIS App.app */ = {isa = PBXFileReference; explicitFileType = wrapper.application; includeInIndex = 0; path = "QRIS App.app"; sourceTree = BUILT_PRODUCTS_DIR; };
		EBD7FBC42B616A6800C850BA /* AppDelegate.swift */ = {isa = PBXFileReference; lastKnownFileType = sourcecode.swift; path = AppDelegate.swift; sourceTree = "<group>"; };
		EBD7FBC62B616A6800C850BA /* SceneDelegate.swift */ = {isa = PBXFileReference; lastKnownFileType = sourcecode.swift; path = SceneDelegate.swift; sourceTree = "<group>"; };
		EBD7FBCD2B616A6A00C850BA /* Assets.xcassets */ = {isa = PBXFileReference; lastKnownFileType = folder.assetcatalog; path = Assets.xcassets; sourceTree = "<group>"; };
		EBD7FBD02B616A6A00C850BA /* Base */ = {isa = PBXFileReference; lastKnownFileType = file.storyboard; name = Base; path = Base.lproj/LaunchScreen.storyboard; sourceTree = "<group>"; };
		EBD7FBD22B616A6A00C850BA /* Info.plist */ = {isa = PBXFileReference; lastKnownFileType = text.plist.xml; path = Info.plist; sourceTree = "<group>"; };
		EBD7FBD72B616A6A00C850BA /* QRIS AppTests.xctest */ = {isa = PBXFileReference; explicitFileType = wrapper.cfbundle; includeInIndex = 0; path = "QRIS AppTests.xctest"; sourceTree = BUILT_PRODUCTS_DIR; };
		EBD7FBDB2B616A6A00C850BA /* QRIS_AppTests.swift */ = {isa = PBXFileReference; lastKnownFileType = sourcecode.swift; path = QRIS_AppTests.swift; sourceTree = "<group>"; };
		EBD7FBE12B616A6A00C850BA /* QRIS AppUITests.xctest */ = {isa = PBXFileReference; explicitFileType = wrapper.cfbundle; includeInIndex = 0; path = "QRIS AppUITests.xctest"; sourceTree = BUILT_PRODUCTS_DIR; };
		EBD7FBE52B616A6A00C850BA /* QRIS_AppUITests.swift */ = {isa = PBXFileReference; lastKnownFileType = sourcecode.swift; path = QRIS_AppUITests.swift; sourceTree = "<group>"; };
		EBD7FBE72B616A6A00C850BA /* QRIS_AppUITestsLaunchTests.swift */ = {isa = PBXFileReference; lastKnownFileType = sourcecode.swift; path = QRIS_AppUITestsLaunchTests.swift; sourceTree = "<group>"; };
		EBD7FBF72B61722100C850BA /* HomeViewController.swift */ = {isa = PBXFileReference; lastKnownFileType = sourcecode.swift; path = HomeViewController.swift; sourceTree = "<group>"; };
		EBD7FBF82B61722100C850BA /* HomeViewController.xib */ = {isa = PBXFileReference; lastKnownFileType = file.xib; path = HomeViewController.xib; sourceTree = "<group>"; };
		EBD7FBFC2B61762600C850BA /* HomePresenter.swift */ = {isa = PBXFileReference; lastKnownFileType = sourcecode.swift; path = HomePresenter.swift; sourceTree = "<group>"; };
		EBD7FBFE2B61769500C850BA /* HomeInteractor.swift */ = {isa = PBXFileReference; lastKnownFileType = sourcecode.swift; path = HomeInteractor.swift; sourceTree = "<group>"; };
		EBD7FC052B617BBF00C850BA /* BalanceDataModel.xcdatamodel */ = {isa = PBXFileReference; lastKnownFileType = wrapper.xcdatamodel; path = BalanceDataModel.xcdatamodel; sourceTree = "<group>"; };
		EBD7FC072B617C2E00C850BA /* BalanceProvider.swift */ = {isa = PBXFileReference; lastKnownFileType = sourcecode.swift; path = BalanceProvider.swift; sourceTree = "<group>"; };
		EBD7FC092B617EC200C850BA /* BalanceModel.swift */ = {isa = PBXFileReference; lastKnownFileType = sourcecode.swift; path = BalanceModel.swift; sourceTree = "<group>"; };
		EBD7FC0B2B617FFE00C850BA /* BalanceInteractor.swift */ = {isa = PBXFileReference; lastKnownFileType = sourcecode.swift; path = BalanceInteractor.swift; sourceTree = "<group>"; };
		EBD7FC0D2B6183E100C850BA /* HomeRouter.swift */ = {isa = PBXFileReference; lastKnownFileType = sourcecode.swift; path = HomeRouter.swift; sourceTree = "<group>"; };
		EBD7FC0F2B623A6000C850BA /* ScanQRViewController.swift */ = {isa = PBXFileReference; lastKnownFileType = sourcecode.swift; path = ScanQRViewController.swift; sourceTree = "<group>"; };
		EBD7FC102B623A6000C850BA /* ScanQRViewController.xib */ = {isa = PBXFileReference; lastKnownFileType = file.xib; path = ScanQRViewController.xib; sourceTree = "<group>"; };
		EBD7FC142B623DAB00C850BA /* ScanQRPresenter.swift */ = {isa = PBXFileReference; lastKnownFileType = sourcecode.swift; path = ScanQRPresenter.swift; sourceTree = "<group>"; };
		EBD7FC162B623DB400C850BA /* ScanQRRouter.swift */ = {isa = PBXFileReference; lastKnownFileType = sourcecode.swift; path = ScanQRRouter.swift; sourceTree = "<group>"; };
		EBD7FC182B6245CA00C850BA /* PaymentViewController.swift */ = {isa = PBXFileReference; lastKnownFileType = sourcecode.swift; path = PaymentViewController.swift; sourceTree = "<group>"; };
		EBD7FC192B6245CA00C850BA /* PaymentViewController.xib */ = {isa = PBXFileReference; lastKnownFileType = file.xib; path = PaymentViewController.xib; sourceTree = "<group>"; };
		EBD7FC1C2B6248EA00C850BA /* PaymentModel.swift */ = {isa = PBXFileReference; lastKnownFileType = sourcecode.swift; path = PaymentModel.swift; sourceTree = "<group>"; };
		EBD7FC1E2B62498000C850BA /* PaymentPresenter.swift */ = {isa = PBXFileReference; lastKnownFileType = sourcecode.swift; path = PaymentPresenter.swift; sourceTree = "<group>"; };
		EBD7FC202B62498900C850BA /* PaymentInteractor.swift */ = {isa = PBXFileReference; lastKnownFileType = sourcecode.swift; path = PaymentInteractor.swift; sourceTree = "<group>"; };
		EBD7FC222B6249A000C850BA /* PaymentRouter.swift */ = {isa = PBXFileReference; lastKnownFileType = sourcecode.swift; path = PaymentRouter.swift; sourceTree = "<group>"; };
		EBD7FC272B625CF600C850BA /* TransactionDataModel.xcdatamodel */ = {isa = PBXFileReference; lastKnownFileType = wrapper.xcdatamodel; path = TransactionDataModel.xcdatamodel; sourceTree = "<group>"; };
		EBD7FC292B625D3600C850BA /* TransactionProvider.swift */ = {isa = PBXFileReference; lastKnownFileType = sourcecode.swift; path = TransactionProvider.swift; sourceTree = "<group>"; };
		EBD7FC2B2B625D6100C850BA /* TransactionInteractor.swift */ = {isa = PBXFileReference; lastKnownFileType = sourcecode.swift; path = TransactionInteractor.swift; sourceTree = "<group>"; };
		EBD7FC2D2B625E0A00C850BA /* TransactionModel.swift */ = {isa = PBXFileReference; lastKnownFileType = sourcecode.swift; path = TransactionModel.swift; sourceTree = "<group>"; };
		EBD7FC302B626BBB00C850BA /* PaymentHistoryViewController.swift */ = {isa = PBXFileReference; lastKnownFileType = sourcecode.swift; path = PaymentHistoryViewController.swift; sourceTree = "<group>"; };
		EBD7FC312B626BBB00C850BA /* PaymentHistoryViewController.xib */ = {isa = PBXFileReference; lastKnownFileType = file.xib; path = PaymentHistoryViewController.xib; sourceTree = "<group>"; };
		EBD7FC342B626BD000C850BA /* PaymentHistoryPresenter.swift */ = {isa = PBXFileReference; lastKnownFileType = sourcecode.swift; path = PaymentHistoryPresenter.swift; sourceTree = "<group>"; };
		EBD7FC362B626BE800C850BA /* PaymentHistoryRouter.swift */ = {isa = PBXFileReference; lastKnownFileType = sourcecode.swift; path = PaymentHistoryRouter.swift; sourceTree = "<group>"; };
		EBD7FC382B626C0000C850BA /* PaymentHistoryInteractor.swift */ = {isa = PBXFileReference; lastKnownFileType = sourcecode.swift; path = PaymentHistoryInteractor.swift; sourceTree = "<group>"; };
		EBD7FC402B62783300C850BA /* PaymentHistoryTableViewCell.swift */ = {isa = PBXFileReference; lastKnownFileType = sourcecode.swift; path = PaymentHistoryTableViewCell.swift; sourceTree = "<group>"; };
		EBD7FC412B62783300C850BA /* PaymentHistoryTableViewCell.xib */ = {isa = PBXFileReference; lastKnownFileType = file.xib; path = PaymentHistoryTableViewCell.xib; sourceTree = "<group>"; };
/* End PBXFileReference section */

/* Begin PBXFrameworksBuildPhase section */
		EBD7FBBE2B616A6800C850BA /* Frameworks */ = {
			isa = PBXFrameworksBuildPhase;
			buildActionMask = 2147483647;
			files = (
			);
			runOnlyForDeploymentPostprocessing = 0;
		};
		EBD7FBD42B616A6A00C850BA /* Frameworks */ = {
			isa = PBXFrameworksBuildPhase;
			buildActionMask = 2147483647;
			files = (
			);
			runOnlyForDeploymentPostprocessing = 0;
		};
		EBD7FBDE2B616A6A00C850BA /* Frameworks */ = {
			isa = PBXFrameworksBuildPhase;
			buildActionMask = 2147483647;
			files = (
			);
			runOnlyForDeploymentPostprocessing = 0;
		};
/* End PBXFrameworksBuildPhase section */

/* Begin PBXGroup section */
		EBD7FBB82B616A6800C850BA = {
			isa = PBXGroup;
			children = (
				EBD7FBC32B616A6800C850BA /* QRIS App */,
				EBD7FBDA2B616A6A00C850BA /* QRIS AppTests */,
				EBD7FBE42B616A6A00C850BA /* QRIS AppUITests */,
				EBD7FBC22B616A6800C850BA /* Products */,
			);
			sourceTree = "<group>";
		};
		EBD7FBC22B616A6800C850BA /* Products */ = {
			isa = PBXGroup;
			children = (
				EBD7FBC12B616A6800C850BA /* QRIS App.app */,
				EBD7FBD72B616A6A00C850BA /* QRIS AppTests.xctest */,
				EBD7FBE12B616A6A00C850BA /* QRIS AppUITests.xctest */,
			);
			name = Products;
			sourceTree = "<group>";
		};
		EBD7FBC32B616A6800C850BA /* QRIS App */ = {
			isa = PBXGroup;
			children = (
				EBD7FBF52B6171F000C850BA /* Features */,
				EBD7FBF42B61719500C850BA /* App */,
			);
			path = "QRIS App";
			sourceTree = "<group>";
		};
		EBD7FBDA2B616A6A00C850BA /* QRIS AppTests */ = {
			isa = PBXGroup;
			children = (
				EBD7FBDB2B616A6A00C850BA /* QRIS_AppTests.swift */,
			);
			path = "QRIS AppTests";
			sourceTree = "<group>";
		};
		EBD7FBE42B616A6A00C850BA /* QRIS AppUITests */ = {
			isa = PBXGroup;
			children = (
				EBD7FBE52B616A6A00C850BA /* QRIS_AppUITests.swift */,
				EBD7FBE72B616A6A00C850BA /* QRIS_AppUITestsLaunchTests.swift */,
			);
			path = "QRIS AppUITests";
			sourceTree = "<group>";
		};
		EBD7FBF42B61719500C850BA /* App */ = {
			isa = PBXGroup;
			children = (
				EBD7FBC42B616A6800C850BA /* AppDelegate.swift */,
				EBD7FBC62B616A6800C850BA /* SceneDelegate.swift */,
				EBD7FBCD2B616A6A00C850BA /* Assets.xcassets */,
				EBD7FBCF2B616A6A00C850BA /* LaunchScreen.storyboard */,
				EBD7FBD22B616A6A00C850BA /* Info.plist */,
			);
			path = App;
			sourceTree = "<group>";
		};
		EBD7FBF52B6171F000C850BA /* Features */ = {
			isa = PBXGroup;
			children = (
				EBD7FC2F2B626BA900C850BA /* PaymentHistory */,
				EBD7FC252B625CE500C850BA /* TransactionEntity */,
				EBD7FC132B623B5B00C850BA /* Payment */,
				EBD7FC032B617BAD00C850BA /* Balance */,
				EBD7FBFB2B61745400C850BA /* ScanQR */,
				EBD7FBF62B61720500C850BA /* Home */,
			);
			path = Features;
			sourceTree = "<group>";
		};
		EBD7FBF62B61720500C850BA /* Home */ = {
			isa = PBXGroup;
			children = (
				EBD7FBF72B61722100C850BA /* HomeViewController.swift */,
				EBD7FBF82B61722100C850BA /* HomeViewController.xib */,
				EBD7FBFC2B61762600C850BA /* HomePresenter.swift */,
				EBD7FBFE2B61769500C850BA /* HomeInteractor.swift */,
				EBD7FC0D2B6183E100C850BA /* HomeRouter.swift */,
			);
			path = Home;
			sourceTree = "<group>";
		};
		EBD7FBFB2B61745400C850BA /* ScanQR */ = {
			isa = PBXGroup;
			children = (
				EBD7FC0F2B623A6000C850BA /* ScanQRViewController.swift */,
				EBD7FC102B623A6000C850BA /* ScanQRViewController.xib */,
				EBD7FC142B623DAB00C850BA /* ScanQRPresenter.swift */,
				EBD7FC162B623DB400C850BA /* ScanQRRouter.swift */,
			);
			path = ScanQR;
			sourceTree = "<group>";
		};
		EBD7FC032B617BAD00C850BA /* Balance */ = {
			isa = PBXGroup;
			children = (
				EBD7FC042B617BBF00C850BA /* BalanceDataModel.xcdatamodeld */,
				EBD7FC072B617C2E00C850BA /* BalanceProvider.swift */,
				EBD7FC092B617EC200C850BA /* BalanceModel.swift */,
				EBD7FC0B2B617FFE00C850BA /* BalanceInteractor.swift */,
			);
			path = Balance;
			sourceTree = "<group>";
		};
		EBD7FC132B623B5B00C850BA /* Payment */ = {
			isa = PBXGroup;
			children = (
				EBD7FC182B6245CA00C850BA /* PaymentViewController.swift */,
				EBD7FC192B6245CA00C850BA /* PaymentViewController.xib */,
				EBD7FC1C2B6248EA00C850BA /* PaymentModel.swift */,
				EBD7FC1E2B62498000C850BA /* PaymentPresenter.swift */,
				EBD7FC222B6249A000C850BA /* PaymentRouter.swift */,
				EBD7FC202B62498900C850BA /* PaymentInteractor.swift */,
			);
			path = Payment;
			sourceTree = "<group>";
		};
		EBD7FC252B625CE500C850BA /* TransactionEntity */ = {
			isa = PBXGroup;
			children = (
				EBD7FC262B625CF600C850BA /* TransactionDataModel.xcdatamodeld */,
				EBD7FC292B625D3600C850BA /* TransactionProvider.swift */,
				EBD7FC2B2B625D6100C850BA /* TransactionInteractor.swift */,
				EBD7FC2D2B625E0A00C850BA /* TransactionModel.swift */,
			);
			path = TransactionEntity;
			sourceTree = "<group>";
		};
		EBD7FC2F2B626BA900C850BA /* PaymentHistory */ = {
			isa = PBXGroup;
			children = (
				EBD7FC3F2B62781F00C850BA /* Cell */,
				EBD7FC302B626BBB00C850BA /* PaymentHistoryViewController.swift */,
				EBD7FC312B626BBB00C850BA /* PaymentHistoryViewController.xib */,
				EBD7FC342B626BD000C850BA /* PaymentHistoryPresenter.swift */,
				EBD7FC362B626BE800C850BA /* PaymentHistoryRouter.swift */,
				EBD7FC382B626C0000C850BA /* PaymentHistoryInteractor.swift */,
			);
			path = PaymentHistory;
			sourceTree = "<group>";
		};
		EBD7FC3F2B62781F00C850BA /* Cell */ = {
			isa = PBXGroup;
			children = (
				EBD7FC402B62783300C850BA /* PaymentHistoryTableViewCell.swift */,
				EBD7FC412B62783300C850BA /* PaymentHistoryTableViewCell.xib */,
			);
			path = Cell;
			sourceTree = "<group>";
		};
/* End PBXGroup section */

/* Begin PBXNativeTarget section */
		EBD7FBC02B616A6800C850BA /* QRIS App */ = {
			isa = PBXNativeTarget;
			buildConfigurationList = EBD7FBEB2B616A6A00C850BA /* Build configuration list for PBXNativeTarget "QRIS App" */;
			buildPhases = (
				EBD7FBBD2B616A6800C850BA /* Sources */,
				EBD7FBBE2B616A6800C850BA /* Frameworks */,
				EBD7FBBF2B616A6800C850BA /* Resources */,
			);
			buildRules = (
			);
			dependencies = (
			);
			name = "QRIS App";
			productName = "QRIS App";
			productReference = EBD7FBC12B616A6800C850BA /* QRIS App.app */;
			productType = "com.apple.product-type.application";
		};
		EBD7FBD62B616A6A00C850BA /* QRIS AppTests */ = {
			isa = PBXNativeTarget;
			buildConfigurationList = EBD7FBEE2B616A6A00C850BA /* Build configuration list for PBXNativeTarget "QRIS AppTests" */;
			buildPhases = (
				EBD7FBD32B616A6A00C850BA /* Sources */,
				EBD7FBD42B616A6A00C850BA /* Frameworks */,
				EBD7FBD52B616A6A00C850BA /* Resources */,
			);
			buildRules = (
			);
			dependencies = (
				EBD7FBD92B616A6A00C850BA /* PBXTargetDependency */,
			);
			name = "QRIS AppTests";
			productName = "QRIS AppTests";
			productReference = EBD7FBD72B616A6A00C850BA /* QRIS AppTests.xctest */;
			productType = "com.apple.product-type.bundle.unit-test";
		};
		EBD7FBE02B616A6A00C850BA /* QRIS AppUITests */ = {
			isa = PBXNativeTarget;
			buildConfigurationList = EBD7FBF12B616A6A00C850BA /* Build configuration list for PBXNativeTarget "QRIS AppUITests" */;
			buildPhases = (
				EBD7FBDD2B616A6A00C850BA /* Sources */,
				EBD7FBDE2B616A6A00C850BA /* Frameworks */,
				EBD7FBDF2B616A6A00C850BA /* Resources */,
			);
			buildRules = (
			);
			dependencies = (
				EBD7FBE32B616A6A00C850BA /* PBXTargetDependency */,
			);
			name = "QRIS AppUITests";
			productName = "QRIS AppUITests";
			productReference = EBD7FBE12B616A6A00C850BA /* QRIS AppUITests.xctest */;
			productType = "com.apple.product-type.bundle.ui-testing";
		};
/* End PBXNativeTarget section */

/* Begin PBXProject section */
		EBD7FBB92B616A6800C850BA /* Project object */ = {
			isa = PBXProject;
			attributes = {
				BuildIndependentTargetsInParallel = 1;
				LastSwiftUpdateCheck = 1520;
				LastUpgradeCheck = 1520;
				TargetAttributes = {
					EBD7FBC02B616A6800C850BA = {
						CreatedOnToolsVersion = 15.2;
					};
					EBD7FBD62B616A6A00C850BA = {
						CreatedOnToolsVersion = 15.2;
						TestTargetID = EBD7FBC02B616A6800C850BA;
					};
					EBD7FBE02B616A6A00C850BA = {
						CreatedOnToolsVersion = 15.2;
						TestTargetID = EBD7FBC02B616A6800C850BA;
					};
				};
			};
			buildConfigurationList = EBD7FBBC2B616A6800C850BA /* Build configuration list for PBXProject "QRIS App" */;
			compatibilityVersion = "Xcode 14.0";
			developmentRegion = en;
			hasScannedForEncodings = 0;
			knownRegions = (
				en,
				Base,
			);
			mainGroup = EBD7FBB82B616A6800C850BA;
			productRefGroup = EBD7FBC22B616A6800C850BA /* Products */;
			projectDirPath = "";
			projectRoot = "";
			targets = (
				EBD7FBC02B616A6800C850BA /* QRIS App */,
				EBD7FBD62B616A6A00C850BA /* QRIS AppTests */,
				EBD7FBE02B616A6A00C850BA /* QRIS AppUITests */,
			);
		};
/* End PBXProject section */

/* Begin PBXResourcesBuildPhase section */
		EBD7FBBF2B616A6800C850BA /* Resources */ = {
			isa = PBXResourcesBuildPhase;
			buildActionMask = 2147483647;
			files = (
				EBD7FC122B623A6000C850BA /* ScanQRViewController.xib in Resources */,
				EBD7FBD12B616A6A00C850BA /* LaunchScreen.storyboard in Resources */,
				EBD7FC432B62783400C850BA /* PaymentHistoryTableViewCell.xib in Resources */,
				EBD7FBCE2B616A6A00C850BA /* Assets.xcassets in Resources */,
				EBD7FC1B2B6245CA00C850BA /* PaymentViewController.xib in Resources */,
				EBD7FC332B626BBB00C850BA /* PaymentHistoryViewController.xib in Resources */,
				EBD7FBFA2B61722100C850BA /* HomeViewController.xib in Resources */,
			);
			runOnlyForDeploymentPostprocessing = 0;
		};
		EBD7FBD52B616A6A00C850BA /* Resources */ = {
			isa = PBXResourcesBuildPhase;
			buildActionMask = 2147483647;
			files = (
			);
			runOnlyForDeploymentPostprocessing = 0;
		};
		EBD7FBDF2B616A6A00C850BA /* Resources */ = {
			isa = PBXResourcesBuildPhase;
			buildActionMask = 2147483647;
			files = (
			);
			runOnlyForDeploymentPostprocessing = 0;
		};
/* End PBXResourcesBuildPhase section */

/* Begin PBXSourcesBuildPhase section */
		EBD7FBBD2B616A6800C850BA /* Sources */ = {
			isa = PBXSourcesBuildPhase;
			buildActionMask = 2147483647;
			files = (
				EBD7FBC52B616A6800C850BA /* AppDelegate.swift in Sources */,
				EBD7FC082B617C2E00C850BA /* BalanceProvider.swift in Sources */,
				EBD7FBC72B616A6800C850BA /* SceneDelegate.swift in Sources */,
				EBD7FC232B6249A000C850BA /* PaymentRouter.swift in Sources */,
				EBD7FC2E2B625E0A00C850BA /* TransactionModel.swift in Sources */,
				EBD7FC0A2B617EC200C850BA /* BalanceModel.swift in Sources */,
				EBD7FC152B623DAB00C850BA /* ScanQRPresenter.swift in Sources */,
				EBD7FC2A2B625D3600C850BA /* TransactionProvider.swift in Sources */,
				EBD7FC422B62783300C850BA /* PaymentHistoryTableViewCell.swift in Sources */,
				EBD7FC0C2B617FFE00C850BA /* BalanceInteractor.swift in Sources */,
				EBD7FC372B626BE800C850BA /* PaymentHistoryRouter.swift in Sources */,
				EBD7FC1A2B6245CA00C850BA /* PaymentViewController.swift in Sources */,
				EBD7FC062B617BBF00C850BA /* BalanceDataModel.xcdatamodeld in Sources */,
				EBD7FC322B626BBB00C850BA /* PaymentHistoryViewController.swift in Sources */,
				EBD7FC282B625CF600C850BA /* TransactionDataModel.xcdatamodeld in Sources */,
				EBD7FC1F2B62498000C850BA /* PaymentPresenter.swift in Sources */,
				EBD7FC1D2B6248EA00C850BA /* PaymentModel.swift in Sources */,
				EBD7FC352B626BD000C850BA /* PaymentHistoryPresenter.swift in Sources */,
				EBD7FBF92B61722100C850BA /* HomeViewController.swift in Sources */,
				EBD7FC112B623A6000C850BA /* ScanQRViewController.swift in Sources */,
				EBD7FC392B626C0000C850BA /* PaymentHistoryInteractor.swift in Sources */,
				EBD7FC212B62498900C850BA /* PaymentInteractor.swift in Sources */,
				EBD7FC172B623DB400C850BA /* ScanQRRouter.swift in Sources */,
				EBD7FBFF2B61769500C850BA /* HomeInteractor.swift in Sources */,
				EBD7FBFD2B61762700C850BA /* HomePresenter.swift in Sources */,
				EBD7FC0E2B6183E100C850BA /* HomeRouter.swift in Sources */,
				EBD7FC2C2B625D6100C850BA /* TransactionInteractor.swift in Sources */,
			);
			runOnlyForDeploymentPostprocessing = 0;
		};
		EBD7FBD32B616A6A00C850BA /* Sources */ = {
			isa = PBXSourcesBuildPhase;
			buildActionMask = 2147483647;
			files = (
				EBD7FBDC2B616A6A00C850BA /* QRIS_AppTests.swift in Sources */,
			);
			runOnlyForDeploymentPostprocessing = 0;
		};
		EBD7FBDD2B616A6A00C850BA /* Sources */ = {
			isa = PBXSourcesBuildPhase;
			buildActionMask = 2147483647;
			files = (
				EBD7FBE82B616A6A00C850BA /* QRIS_AppUITestsLaunchTests.swift in Sources */,
				EBD7FBE62B616A6A00C850BA /* QRIS_AppUITests.swift in Sources */,
			);
			runOnlyForDeploymentPostprocessing = 0;
		};
/* End PBXSourcesBuildPhase section */

/* Begin PBXTargetDependency section */
		EBD7FBD92B616A6A00C850BA /* PBXTargetDependency */ = {
			isa = PBXTargetDependency;
			target = EBD7FBC02B616A6800C850BA /* QRIS App */;
			targetProxy = EBD7FBD82B616A6A00C850BA /* PBXContainerItemProxy */;
		};
		EBD7FBE32B616A6A00C850BA /* PBXTargetDependency */ = {
			isa = PBXTargetDependency;
			target = EBD7FBC02B616A6800C850BA /* QRIS App */;
			targetProxy = EBD7FBE22B616A6A00C850BA /* PBXContainerItemProxy */;
		};
/* End PBXTargetDependency section */

/* Begin PBXVariantGroup section */
		EBD7FBCF2B616A6A00C850BA /* LaunchScreen.storyboard */ = {
			isa = PBXVariantGroup;
			children = (
				EBD7FBD02B616A6A00C850BA /* Base */,
			);
			name = LaunchScreen.storyboard;
			sourceTree = "<group>";
		};
/* End PBXVariantGroup section */

/* Begin XCBuildConfiguration section */
		EBD7FBE92B616A6A00C850BA /* Debug */ = {
			isa = XCBuildConfiguration;
			buildSettings = {
				ALWAYS_SEARCH_USER_PATHS = NO;
				ASSETCATALOG_COMPILER_GENERATE_SWIFT_ASSET_SYMBOL_EXTENSIONS = YES;
				CLANG_ANALYZER_NONNULL = YES;
				CLANG_ANALYZER_NUMBER_OBJECT_CONVERSION = YES_AGGRESSIVE;
				CLANG_CXX_LANGUAGE_STANDARD = "gnu++20";
				CLANG_ENABLE_MODULES = YES;
				CLANG_ENABLE_OBJC_ARC = YES;
				CLANG_ENABLE_OBJC_WEAK = YES;
				CLANG_WARN_BLOCK_CAPTURE_AUTORELEASING = YES;
				CLANG_WARN_BOOL_CONVERSION = YES;
				CLANG_WARN_COMMA = YES;
				CLANG_WARN_CONSTANT_CONVERSION = YES;
				CLANG_WARN_DEPRECATED_OBJC_IMPLEMENTATIONS = YES;
				CLANG_WARN_DIRECT_OBJC_ISA_USAGE = YES_ERROR;
				CLANG_WARN_DOCUMENTATION_COMMENTS = YES;
				CLANG_WARN_EMPTY_BODY = YES;
				CLANG_WARN_ENUM_CONVERSION = YES;
				CLANG_WARN_INFINITE_RECURSION = YES;
				CLANG_WARN_INT_CONVERSION = YES;
				CLANG_WARN_NON_LITERAL_NULL_CONVERSION = YES;
				CLANG_WARN_OBJC_IMPLICIT_RETAIN_SELF = YES;
				CLANG_WARN_OBJC_LITERAL_CONVERSION = YES;
				CLANG_WARN_OBJC_ROOT_CLASS = YES_ERROR;
				CLANG_WARN_QUOTED_INCLUDE_IN_FRAMEWORK_HEADER = YES;
				CLANG_WARN_RANGE_LOOP_ANALYSIS = YES;
				CLANG_WARN_STRICT_PROTOTYPES = YES;
				CLANG_WARN_SUSPICIOUS_MOVE = YES;
				CLANG_WARN_UNGUARDED_AVAILABILITY = YES_AGGRESSIVE;
				CLANG_WARN_UNREACHABLE_CODE = YES;
				CLANG_WARN__DUPLICATE_METHOD_MATCH = YES;
				COPY_PHASE_STRIP = NO;
				DEBUG_INFORMATION_FORMAT = dwarf;
				ENABLE_STRICT_OBJC_MSGSEND = YES;
				ENABLE_TESTABILITY = YES;
				ENABLE_USER_SCRIPT_SANDBOXING = YES;
				GCC_C_LANGUAGE_STANDARD = gnu17;
				GCC_DYNAMIC_NO_PIC = NO;
				GCC_NO_COMMON_BLOCKS = YES;
				GCC_OPTIMIZATION_LEVEL = 0;
				GCC_PREPROCESSOR_DEFINITIONS = (
					"DEBUG=1",
					"$(inherited)",
				);
				GCC_WARN_64_TO_32_BIT_CONVERSION = YES;
				GCC_WARN_ABOUT_RETURN_TYPE = YES_ERROR;
				GCC_WARN_UNDECLARED_SELECTOR = YES;
				GCC_WARN_UNINITIALIZED_AUTOS = YES_AGGRESSIVE;
				GCC_WARN_UNUSED_FUNCTION = YES;
				GCC_WARN_UNUSED_VARIABLE = YES;
				IPHONEOS_DEPLOYMENT_TARGET = 17.2;
				LOCALIZATION_PREFERS_STRING_CATALOGS = YES;
				MTL_ENABLE_DEBUG_INFO = INCLUDE_SOURCE;
				MTL_FAST_MATH = YES;
				ONLY_ACTIVE_ARCH = YES;
				SDKROOT = iphoneos;
				SWIFT_ACTIVE_COMPILATION_CONDITIONS = "DEBUG $(inherited)";
				SWIFT_OPTIMIZATION_LEVEL = "-Onone";
			};
			name = Debug;
		};
		EBD7FBEA2B616A6A00C850BA /* Release */ = {
			isa = XCBuildConfiguration;
			buildSettings = {
				ALWAYS_SEARCH_USER_PATHS = NO;
				ASSETCATALOG_COMPILER_GENERATE_SWIFT_ASSET_SYMBOL_EXTENSIONS = YES;
				CLANG_ANALYZER_NONNULL = YES;
				CLANG_ANALYZER_NUMBER_OBJECT_CONVERSION = YES_AGGRESSIVE;
				CLANG_CXX_LANGUAGE_STANDARD = "gnu++20";
				CLANG_ENABLE_MODULES = YES;
				CLANG_ENABLE_OBJC_ARC = YES;
				CLANG_ENABLE_OBJC_WEAK = YES;
				CLANG_WARN_BLOCK_CAPTURE_AUTORELEASING = YES;
				CLANG_WARN_BOOL_CONVERSION = YES;
				CLANG_WARN_COMMA = YES;
				CLANG_WARN_CONSTANT_CONVERSION = YES;
				CLANG_WARN_DEPRECATED_OBJC_IMPLEMENTATIONS = YES;
				CLANG_WARN_DIRECT_OBJC_ISA_USAGE = YES_ERROR;
				CLANG_WARN_DOCUMENTATION_COMMENTS = YES;
				CLANG_WARN_EMPTY_BODY = YES;
				CLANG_WARN_ENUM_CONVERSION = YES;
				CLANG_WARN_INFINITE_RECURSION = YES;
				CLANG_WARN_INT_CONVERSION = YES;
				CLANG_WARN_NON_LITERAL_NULL_CONVERSION = YES;
				CLANG_WARN_OBJC_IMPLICIT_RETAIN_SELF = YES;
				CLANG_WARN_OBJC_LITERAL_CONVERSION = YES;
				CLANG_WARN_OBJC_ROOT_CLASS = YES_ERROR;
				CLANG_WARN_QUOTED_INCLUDE_IN_FRAMEWORK_HEADER = YES;
				CLANG_WARN_RANGE_LOOP_ANALYSIS = YES;
				CLANG_WARN_STRICT_PROTOTYPES = YES;
				CLANG_WARN_SUSPICIOUS_MOVE = YES;
				CLANG_WARN_UNGUARDED_AVAILABILITY = YES_AGGRESSIVE;
				CLANG_WARN_UNREACHABLE_CODE = YES;
				CLANG_WARN__DUPLICATE_METHOD_MATCH = YES;
				COPY_PHASE_STRIP = NO;
				DEBUG_INFORMATION_FORMAT = "dwarf-with-dsym";
				ENABLE_NS_ASSERTIONS = NO;
				ENABLE_STRICT_OBJC_MSGSEND = YES;
				ENABLE_USER_SCRIPT_SANDBOXING = YES;
				GCC_C_LANGUAGE_STANDARD = gnu17;
				GCC_NO_COMMON_BLOCKS = YES;
				GCC_WARN_64_TO_32_BIT_CONVERSION = YES;
				GCC_WARN_ABOUT_RETURN_TYPE = YES_ERROR;
				GCC_WARN_UNDECLARED_SELECTOR = YES;
				GCC_WARN_UNINITIALIZED_AUTOS = YES_AGGRESSIVE;
				GCC_WARN_UNUSED_FUNCTION = YES;
				GCC_WARN_UNUSED_VARIABLE = YES;
				IPHONEOS_DEPLOYMENT_TARGET = 17.2;
				LOCALIZATION_PREFERS_STRING_CATALOGS = YES;
				MTL_ENABLE_DEBUG_INFO = NO;
				MTL_FAST_MATH = YES;
				SDKROOT = iphoneos;
				SWIFT_COMPILATION_MODE = wholemodule;
				VALIDATE_PRODUCT = YES;
			};
			name = Release;
		};
		EBD7FBEC2B616A6A00C850BA /* Debug */ = {
			isa = XCBuildConfiguration;
			buildSettings = {
				ASSETCATALOG_COMPILER_APPICON_NAME = AppIcon;
				ASSETCATALOG_COMPILER_GLOBAL_ACCENT_COLOR_NAME = AccentColor;
				CODE_SIGN_STYLE = Automatic;
				CURRENT_PROJECT_VERSION = 1;
				DEVELOPMENT_TEAM = R2D4D7YLB2;
				ENABLE_USER_SCRIPT_SANDBOXING = NO;
				GENERATE_INFOPLIST_FILE = YES;
				INFOPLIST_FILE = "QRIS App/App/Info.plist";
				INFOPLIST_KEY_NSCameraUsageDescription = "Allow QRIS App to use camera to scan QR?";
				INFOPLIST_KEY_UIApplicationSupportsIndirectInputEvents = YES;
				INFOPLIST_KEY_UILaunchStoryboardName = LaunchScreen;
				INFOPLIST_KEY_UIMainStoryboardFile = Main;
				INFOPLIST_KEY_UISupportedInterfaceOrientations_iPad = "UIInterfaceOrientationPortrait UIInterfaceOrientationPortraitUpsideDown UIInterfaceOrientationLandscapeLeft UIInterfaceOrientationLandscapeRight";
				INFOPLIST_KEY_UISupportedInterfaceOrientations_iPhone = "UIInterfaceOrientationPortrait UIInterfaceOrientationLandscapeLeft UIInterfaceOrientationLandscapeRight";
				LD_RUNPATH_SEARCH_PATHS = (
					"$(inherited)",
					"@executable_path/Frameworks",
				);
				MARKETING_VERSION = 1.0;
				PRODUCT_BUNDLE_IDENTIFIER = "com.dcd.QRIS-App";
				PRODUCT_NAME = "$(TARGET_NAME)";
				SWIFT_EMIT_LOC_STRINGS = YES;
				SWIFT_VERSION = 5.0;
				TARGETED_DEVICE_FAMILY = "1,2";
			};
			name = Debug;
		};
		EBD7FBED2B616A6A00C850BA /* Release */ = {
			isa = XCBuildConfiguration;
			buildSettings = {
				ASSETCATALOG_COMPILER_APPICON_NAME = AppIcon;
				ASSETCATALOG_COMPILER_GLOBAL_ACCENT_COLOR_NAME = AccentColor;
				CODE_SIGN_STYLE = Automatic;
				CURRENT_PROJECT_VERSION = 1;
				DEVELOPMENT_TEAM = R2D4D7YLB2;
				ENABLE_USER_SCRIPT_SANDBOXING = NO;
				GENERATE_INFOPLIST_FILE = YES;
				INFOPLIST_FILE = "QRIS App/App/Info.plist";
				INFOPLIST_KEY_NSCameraUsageDescription = "Allow QRIS App to use camera to scan QR?";
				INFOPLIST_KEY_UIApplicationSupportsIndirectInputEvents = YES;
				INFOPLIST_KEY_UILaunchStoryboardName = LaunchScreen;
				INFOPLIST_KEY_UIMainStoryboardFile = Main;
				INFOPLIST_KEY_UISupportedInterfaceOrientations_iPad = "UIInterfaceOrientationPortrait UIInterfaceOrientationPortraitUpsideDown UIInterfaceOrientationLandscapeLeft UIInterfaceOrientationLandscapeRight";
				INFOPLIST_KEY_UISupportedInterfaceOrientations_iPhone = "UIInterfaceOrientationPortrait UIInterfaceOrientationLandscapeLeft UIInterfaceOrientationLandscapeRight";
				LD_RUNPATH_SEARCH_PATHS = (
					"$(inherited)",
					"@executable_path/Frameworks",
				);
				MARKETING_VERSION = 1.0;
				PRODUCT_BUNDLE_IDENTIFIER = "com.dcd.QRIS-App";
				PRODUCT_NAME = "$(TARGET_NAME)";
				SWIFT_EMIT_LOC_STRINGS = YES;
				SWIFT_VERSION = 5.0;
				TARGETED_DEVICE_FAMILY = "1,2";
			};
			name = Release;
		};
		EBD7FBEF2B616A6A00C850BA /* Debug */ = {
			isa = XCBuildConfiguration;
			buildSettings = {
				ALWAYS_EMBED_SWIFT_STANDARD_LIBRARIES = YES;
				BUNDLE_LOADER = "$(TEST_HOST)";
				CODE_SIGN_STYLE = Automatic;
				CURRENT_PROJECT_VERSION = 1;
				DEVELOPMENT_TEAM = R2D4D7YLB2;
				ENABLE_USER_SCRIPT_SANDBOXING = NO;
				GENERATE_INFOPLIST_FILE = YES;
				IPHONEOS_DEPLOYMENT_TARGET = 17.2;
				MARKETING_VERSION = 1.0;
				PRODUCT_BUNDLE_IDENTIFIER = "com.dcd.QRIS-AppTests";
				PRODUCT_NAME = "$(TARGET_NAME)";
				SWIFT_EMIT_LOC_STRINGS = NO;
				SWIFT_VERSION = 5.0;
				TARGETED_DEVICE_FAMILY = "1,2";
				TEST_HOST = "$(BUILT_PRODUCTS_DIR)/QRIS App.app/$(BUNDLE_EXECUTABLE_FOLDER_PATH)/QRIS App";
			};
			name = Debug;
		};
		EBD7FBF02B616A6A00C850BA /* Release */ = {
			isa = XCBuildConfiguration;
			buildSettings = {
				ALWAYS_EMBED_SWIFT_STANDARD_LIBRARIES = YES;
				BUNDLE_LOADER = "$(TEST_HOST)";
				CODE_SIGN_STYLE = Automatic;
				CURRENT_PROJECT_VERSION = 1;
				DEVELOPMENT_TEAM = R2D4D7YLB2;
				ENABLE_USER_SCRIPT_SANDBOXING = NO;
				GENERATE_INFOPLIST_FILE = YES;
				IPHONEOS_DEPLOYMENT_TARGET = 17.2;
				MARKETING_VERSION = 1.0;
				PRODUCT_BUNDLE_IDENTIFIER = "com.dcd.QRIS-AppTests";
				PRODUCT_NAME = "$(TARGET_NAME)";
				SWIFT_EMIT_LOC_STRINGS = NO;
				SWIFT_VERSION = 5.0;
				TARGETED_DEVICE_FAMILY = "1,2";
				TEST_HOST = "$(BUILT_PRODUCTS_DIR)/QRIS App.app/$(BUNDLE_EXECUTABLE_FOLDER_PATH)/QRIS App";
			};
			name = Release;
		};
		EBD7FBF22B616A6A00C850BA /* Debug */ = {
			isa = XCBuildConfiguration;
			buildSettings = {
				ALWAYS_EMBED_SWIFT_STANDARD_LIBRARIES = YES;
				CODE_SIGN_STYLE = Automatic;
				CURRENT_PROJECT_VERSION = 1;
				DEVELOPMENT_TEAM = R2D4D7YLB2;
				ENABLE_USER_SCRIPT_SANDBOXING = NO;
				GENERATE_INFOPLIST_FILE = YES;
				MARKETING_VERSION = 1.0;
				PRODUCT_BUNDLE_IDENTIFIER = "com.dcd.QRIS-AppUITests";
				PRODUCT_NAME = "$(TARGET_NAME)";
				SWIFT_EMIT_LOC_STRINGS = NO;
				SWIFT_VERSION = 5.0;
				TARGETED_DEVICE_FAMILY = "1,2";
				TEST_TARGET_NAME = "QRIS App";
			};
			name = Debug;
		};
		EBD7FBF32B616A6A00C850BA /* Release */ = {
			isa = XCBuildConfiguration;
			buildSettings = {
				ALWAYS_EMBED_SWIFT_STANDARD_LIBRARIES = YES;
				CODE_SIGN_STYLE = Automatic;
				CURRENT_PROJECT_VERSION = 1;
				DEVELOPMENT_TEAM = R2D4D7YLB2;
				ENABLE_USER_SCRIPT_SANDBOXING = NO;
				GENERATE_INFOPLIST_FILE = YES;
				MARKETING_VERSION = 1.0;
				PRODUCT_BUNDLE_IDENTIFIER = "com.dcd.QRIS-AppUITests";
				PRODUCT_NAME = "$(TARGET_NAME)";
				SWIFT_EMIT_LOC_STRINGS = NO;
				SWIFT_VERSION = 5.0;
				TARGETED_DEVICE_FAMILY = "1,2";
				TEST_TARGET_NAME = "QRIS App";
			};
			name = Release;
		};
/* End XCBuildConfiguration section */

/* Begin XCConfigurationList section */
		EBD7FBBC2B616A6800C850BA /* Build configuration list for PBXProject "QRIS App" */ = {
			isa = XCConfigurationList;
			buildConfigurations = (
				EBD7FBE92B616A6A00C850BA /* Debug */,
				EBD7FBEA2B616A6A00C850BA /* Release */,
			);
			defaultConfigurationIsVisible = 0;
			defaultConfigurationName = Release;
		};
		EBD7FBEB2B616A6A00C850BA /* Build configuration list for PBXNativeTarget "QRIS App" */ = {
			isa = XCConfigurationList;
			buildConfigurations = (
				EBD7FBEC2B616A6A00C850BA /* Debug */,
				EBD7FBED2B616A6A00C850BA /* Release */,
			);
			defaultConfigurationIsVisible = 0;
			defaultConfigurationName = Release;
		};
		EBD7FBEE2B616A6A00C850BA /* Build configuration list for PBXNativeTarget "QRIS AppTests" */ = {
			isa = XCConfigurationList;
			buildConfigurations = (
				EBD7FBEF2B616A6A00C850BA /* Debug */,
				EBD7FBF02B616A6A00C850BA /* Release */,
			);
			defaultConfigurationIsVisible = 0;
			defaultConfigurationName = Release;
		};
		EBD7FBF12B616A6A00C850BA /* Build configuration list for PBXNativeTarget "QRIS AppUITests" */ = {
			isa = XCConfigurationList;
			buildConfigurations = (
				EBD7FBF22B616A6A00C850BA /* Debug */,
				EBD7FBF32B616A6A00C850BA /* Release */,
			);
			defaultConfigurationIsVisible = 0;
			defaultConfigurationName = Release;
		};
/* End XCConfigurationList section */

/* Begin XCVersionGroup section */
		EBD7FC042B617BBF00C850BA /* BalanceDataModel.xcdatamodeld */ = {
			isa = XCVersionGroup;
			children = (
				EBD7FC052B617BBF00C850BA /* BalanceDataModel.xcdatamodel */,
			);
			currentVersion = EBD7FC052B617BBF00C850BA /* BalanceDataModel.xcdatamodel */;
			path = BalanceDataModel.xcdatamodeld;
			sourceTree = "<group>";
			versionGroupType = wrapper.xcdatamodel;
		};
		EBD7FC262B625CF600C850BA /* TransactionDataModel.xcdatamodeld */ = {
			isa = XCVersionGroup;
			children = (
				EBD7FC272B625CF600C850BA /* TransactionDataModel.xcdatamodel */,
			);
			currentVersion = EBD7FC272B625CF600C850BA /* TransactionDataModel.xcdatamodel */;
			path = TransactionDataModel.xcdatamodeld;
			sourceTree = "<group>";
			versionGroupType = wrapper.xcdatamodel;
		};
/* End XCVersionGroup section */
	};
	rootObject = EBD7FBB92B616A6800C850BA /* Project object */;
}
